
Microsoft Visual Studio Solution File, Format Version 12.00
# Visual Studio Version 17
VisualStudioVersion = 17.8.34330.188
MinimumVisualStudioVersion = 10.0.40219.1
Project("{FAE04EC0-301F-11D3-BF4B-00C04F79EFBC}") = "Psikoloji Analiz Testi", "Psikoloji Analiz Testi.csproj", "{451ABB67-8C64-42BF-8A40-0EC5EC3C72BB}"
EndProject
Global
	GlobalSection(SolutionConfigurationPlatforms) = preSolution
		Debug|Any CPU = Debug|Any CPU
		Release|Any CPU = Release|Any CPU
	EndGlobalSection
	GlobalSection(ProjectConfigurationPlatforms) = postSolution
		{451ABB67-8C64-42BF-8A40-0EC5EC3C72BB}.Debug|Any CPU.ActiveCfg = Debug|Any CPU
		{451ABB67-8C64-42BF-8A40-0EC5EC3C72BB}.Debug|Any CPU.Build.0 = Debug|Any CPU
		{451ABB67-8C64-42BF-8A40-0EC5EC3C72BB}.Release|Any CPU.ActiveCfg = Release|Any CPU
		{451ABB67-8C64-42BF-8A40-0EC5EC3C72BB}.Release|Any CPU.Build.0 = Release|Any CPU
	EndGlobalSection
	GlobalSection(SolutionProperties) = preSolution
		HideSolutionNode = FALSE
	EndGlobalSection
	GlobalSection(ExtensibilityGlobals) = postSolution
		SolutionGuid = {B2056FDB-E50A-4C7A-A5E0-9D9B33CF0210}
	EndGlobalSection
EndGlobal
